// !$*UTF8*$!
{
	archiveVersion = 1;
	classes = {
	};
	objectVersion = 56;
	objects = {

/* Begin PBXBuildFile section */
		F331F7B52AEFC147001A7F15 /* WPIModel.swift in Sources */ = {isa = PBXBuildFile; fileRef = F331F7B42AEFC147001A7F15 /* WPIModel.swift */; };
		F375BD402AE285B60044F13A /* UserImpactView.swift in Sources */ = {isa = PBXBuildFile; fileRef = F375BD3F2AE285B60044F13A /* UserImpactView.swift */; };
		F375BD422AE7AD0A0044F13A /* ConsequencesView.swift in Sources */ = {isa = PBXBuildFile; fileRef = F375BD412AE7AD0A0044F13A /* ConsequencesView.swift */; };
		F375BD522AED56FC0044F13A /* LaundryTips.swift in Sources */ = {isa = PBXBuildFile; fileRef = F375BD512AED56FC0044F13A /* LaundryTips.swift */; };
		F375BD542AED58810044F13A /* ShowerTips.swift in Sources */ = {isa = PBXBuildFile; fileRef = F375BD532AED58810044F13A /* ShowerTips.swift */; };
		F375BD562AED59EF0044F13A /* CleaningTips.swift in Sources */ = {isa = PBXBuildFile; fileRef = F375BD552AED59EF0044F13A /* CleaningTips.swift */; };
		F375BD582AED59FC0044F13A /* DishesTips.swift in Sources */ = {isa = PBXBuildFile; fileRef = F375BD572AED59FC0044F13A /* DishesTips.swift */; };
		F375BD5A2AEDE0C20044F13A /* InputModel.swift in Sources */ = {isa = PBXBuildFile; fileRef = F375BD592AEDE0C20044F13A /* InputModel.swift */; };
		F375BD5C2AEDE1E20044F13A /* InputView.swift in Sources */ = {isa = PBXBuildFile; fileRef = F375BD5B2AEDE1E20044F13A /* InputView.swift */; };
		F375BD5E2AEE79740044F13A /* LaundryConsequencesArray.swift in Sources */ = {isa = PBXBuildFile; fileRef = F375BD5D2AEE79740044F13A /* LaundryConsequencesArray.swift */; };
		F375BD602AEE7E9E0044F13A /* ShowerConseqArray.swift in Sources */ = {isa = PBXBuildFile; fileRef = F375BD5F2AEE7E9E0044F13A /* ShowerConseqArray.swift */; };
		F375BD622AEE7F1B0044F13A /* DishesConseqArray.swift in Sources */ = {isa = PBXBuildFile; fileRef = F375BD612AEE7F1B0044F13A /* DishesConseqArray.swift */; };
		F375BD642AEE7F970044F13A /* CleaningConseqArray.swift in Sources */ = {isa = PBXBuildFile; fileRef = F375BD632AEE7F970044F13A /* CleaningConseqArray.swift */; };
		F375BD6A2AEEEEDB0044F13A /* ImpactDBModel.swift in Sources */ = {isa = PBXBuildFile; fileRef = F375BD692AEEEEDB0044F13A /* ImpactDBModel.swift */; };
		F3C68A0B2AE11D8900241897 /* iSeaApp.swift in Sources */ = {isa = PBXBuildFile; fileRef = F3C68A0A2AE11D8900241897 /* iSeaApp.swift */; };
		F3C68A0F2AE11D8B00241897 /* Assets.xcassets in Resources */ = {isa = PBXBuildFile; fileRef = F3C68A0E2AE11D8B00241897 /* Assets.xcassets */; };
		F3C68A122AE11D8B00241897 /* Preview Assets.xcassets in Resources */ = {isa = PBXBuildFile; fileRef = F3C68A112AE11D8B00241897 /* Preview Assets.xcassets */; };
		F3C68A1C2AE11D8B00241897 /* iSeaTests.swift in Sources */ = {isa = PBXBuildFile; fileRef = F3C68A1B2AE11D8B00241897 /* iSeaTests.swift */; };
		F3C68A262AE11D8B00241897 /* iSeaUITests.swift in Sources */ = {isa = PBXBuildFile; fileRef = F3C68A252AE11D8B00241897 /* iSeaUITests.swift */; };
		F3C68A282AE11D8B00241897 /* iSeaUITestsLaunchTests.swift in Sources */ = {isa = PBXBuildFile; fileRef = F3C68A272AE11D8B00241897 /* iSeaUITestsLaunchTests.swift */; };
		F3C68A352AE11EFC00241897 /* ActivitiesModel.swift in Sources */ = {isa = PBXBuildFile; fileRef = F3C68A342AE11EFC00241897 /* ActivitiesModel.swift */; };
		F3C68A3A2AE1271100241897 /* ActivitiesViewModel.swift in Sources */ = {isa = PBXBuildFile; fileRef = F3C68A392AE1271100241897 /* ActivitiesViewModel.swift */; };
		F3C68A3F2AE1BA3300241897 /* ActivitiesView.swift in Sources */ = {isa = PBXBuildFile; fileRef = F3C68A3E2AE1BA3300241897 /* ActivitiesView.swift */; };
		F3C68A432AE1C54300241897 /* ActivityChartView.swift in Sources */ = {isa = PBXBuildFile; fileRef = F3C68A422AE1C54300241897 /* ActivityChartView.swift */; };
/* End PBXBuildFile section */

/* Begin PBXContainerItemProxy section */
		F3C68A182AE11D8B00241897 /* PBXContainerItemProxy */ = {
			isa = PBXContainerItemProxy;
			containerPortal = F3C689FF2AE11D8900241897 /* Project object */;
			proxyType = 1;
			remoteGlobalIDString = F3C68A062AE11D8900241897;
			remoteInfo = iSea;
		};
		F3C68A222AE11D8B00241897 /* PBXContainerItemProxy */ = {
			isa = PBXContainerItemProxy;
			containerPortal = F3C689FF2AE11D8900241897 /* Project object */;
			proxyType = 1;
			remoteGlobalIDString = F3C68A062AE11D8900241897;
			remoteInfo = iSea;
		};
/* End PBXContainerItemProxy section */

/* Begin PBXFileReference section */
		F331F7B42AEFC147001A7F15 /* WPIModel.swift */ = {isa = PBXFileReference; lastKnownFileType = sourcecode.swift; path = WPIModel.swift; sourceTree = "<group>"; };
		F375BD3F2AE285B60044F13A /* UserImpactView.swift */ = {isa = PBXFileReference; lastKnownFileType = sourcecode.swift; path = UserImpactView.swift; sourceTree = "<group>"; };
		F375BD412AE7AD0A0044F13A /* ConsequencesView.swift */ = {isa = PBXFileReference; lastKnownFileType = sourcecode.swift; path = ConsequencesView.swift; sourceTree = "<group>"; };
		F375BD512AED56FC0044F13A /* LaundryTips.swift */ = {isa = PBXFileReference; lastKnownFileType = sourcecode.swift; path = LaundryTips.swift; sourceTree = "<group>"; };
		F375BD532AED58810044F13A /* ShowerTips.swift */ = {isa = PBXFileReference; lastKnownFileType = sourcecode.swift; path = ShowerTips.swift; sourceTree = "<group>"; };
		F375BD552AED59EF0044F13A /* CleaningTips.swift */ = {isa = PBXFileReference; lastKnownFileType = sourcecode.swift; path = CleaningTips.swift; sourceTree = "<group>"; };
		F375BD572AED59FC0044F13A /* DishesTips.swift */ = {isa = PBXFileReference; lastKnownFileType = sourcecode.swift; path = DishesTips.swift; sourceTree = "<group>"; };
		F375BD592AEDE0C20044F13A /* InputModel.swift */ = {isa = PBXFileReference; lastKnownFileType = sourcecode.swift; path = InputModel.swift; sourceTree = "<group>"; };
		F375BD5B2AEDE1E20044F13A /* InputView.swift */ = {isa = PBXFileReference; lastKnownFileType = sourcecode.swift; path = InputView.swift; sourceTree = "<group>"; };
		F375BD5D2AEE79740044F13A /* LaundryConsequencesArray.swift */ = {isa = PBXFileReference; lastKnownFileType = sourcecode.swift; path = LaundryConsequencesArray.swift; sourceTree = "<group>"; };
		F375BD5F2AEE7E9E0044F13A /* ShowerConseqArray.swift */ = {isa = PBXFileReference; lastKnownFileType = sourcecode.swift; path = ShowerConseqArray.swift; sourceTree = "<group>"; };
		F375BD612AEE7F1B0044F13A /* DishesConseqArray.swift */ = {isa = PBXFileReference; lastKnownFileType = sourcecode.swift; path = DishesConseqArray.swift; sourceTree = "<group>"; };
		F375BD632AEE7F970044F13A /* CleaningConseqArray.swift */ = {isa = PBXFileReference; lastKnownFileType = sourcecode.swift; path = CleaningConseqArray.swift; sourceTree = "<group>"; };
		F375BD692AEEEEDB0044F13A /* ImpactDBModel.swift */ = {isa = PBXFileReference; lastKnownFileType = sourcecode.swift; path = ImpactDBModel.swift; sourceTree = "<group>"; };
		F3C68A072AE11D8900241897 /* iSea.app */ = {isa = PBXFileReference; explicitFileType = wrapper.application; includeInIndex = 0; path = iSea.app; sourceTree = BUILT_PRODUCTS_DIR; };
		F3C68A0A2AE11D8900241897 /* iSeaApp.swift */ = {isa = PBXFileReference; lastKnownFileType = sourcecode.swift; path = iSeaApp.swift; sourceTree = "<group>"; };
		F3C68A0E2AE11D8B00241897 /* Assets.xcassets */ = {isa = PBXFileReference; lastKnownFileType = folder.assetcatalog; path = Assets.xcassets; sourceTree = "<group>"; };
		F3C68A112AE11D8B00241897 /* Preview Assets.xcassets */ = {isa = PBXFileReference; lastKnownFileType = folder.assetcatalog; path = "Preview Assets.xcassets"; sourceTree = "<group>"; };
		F3C68A172AE11D8B00241897 /* iSeaTests.xctest */ = {isa = PBXFileReference; explicitFileType = wrapper.cfbundle; includeInIndex = 0; path = iSeaTests.xctest; sourceTree = BUILT_PRODUCTS_DIR; };
		F3C68A1B2AE11D8B00241897 /* iSeaTests.swift */ = {isa = PBXFileReference; lastKnownFileType = sourcecode.swift; path = iSeaTests.swift; sourceTree = "<group>"; };
		F3C68A212AE11D8B00241897 /* iSeaUITests.xctest */ = {isa = PBXFileReference; explicitFileType = wrapper.cfbundle; includeInIndex = 0; path = iSeaUITests.xctest; sourceTree = BUILT_PRODUCTS_DIR; };
		F3C68A252AE11D8B00241897 /* iSeaUITests.swift */ = {isa = PBXFileReference; lastKnownFileType = sourcecode.swift; path = iSeaUITests.swift; sourceTree = "<group>"; };
		F3C68A272AE11D8B00241897 /* iSeaUITestsLaunchTests.swift */ = {isa = PBXFileReference; lastKnownFileType = sourcecode.swift; path = iSeaUITestsLaunchTests.swift; sourceTree = "<group>"; };
		F3C68A342AE11EFC00241897 /* ActivitiesModel.swift */ = {isa = PBXFileReference; lastKnownFileType = sourcecode.swift; path = ActivitiesModel.swift; sourceTree = "<group>"; };
		F3C68A392AE1271100241897 /* ActivitiesViewModel.swift */ = {isa = PBXFileReference; lastKnownFileType = sourcecode.swift; path = ActivitiesViewModel.swift; sourceTree = "<group>"; };
		F3C68A3E2AE1BA3300241897 /* ActivitiesView.swift */ = {isa = PBXFileReference; lastKnownFileType = sourcecode.swift; path = ActivitiesView.swift; sourceTree = "<group>"; };
		F3C68A422AE1C54300241897 /* ActivityChartView.swift */ = {isa = PBXFileReference; lastKnownFileType = sourcecode.swift; path = ActivityChartView.swift; sourceTree = "<group>"; };
/* End PBXFileReference section */

/* Begin PBXFrameworksBuildPhase section */
		F3C68A042AE11D8900241897 /* Frameworks */ = {
			isa = PBXFrameworksBuildPhase;
			buildActionMask = 2147483647;
			files = (
			);
			runOnlyForDeploymentPostprocessing = 0;
		};
		F3C68A142AE11D8B00241897 /* Frameworks */ = {
			isa = PBXFrameworksBuildPhase;
			buildActionMask = 2147483647;
			files = (
			);
			runOnlyForDeploymentPostprocessing = 0;
		};
		F3C68A1E2AE11D8B00241897 /* Frameworks */ = {
			isa = PBXFrameworksBuildPhase;
			buildActionMask = 2147483647;
			files = (
			);
			runOnlyForDeploymentPostprocessing = 0;
		};
/* End PBXFrameworksBuildPhase section */

/* Begin PBXGroup section */
		F375BD462AEA61C30044F13A /* Modals */ = {
			isa = PBXGroup;
			children = (
				F375BD5B2AEDE1E20044F13A /* InputView.swift */,
			);
			path = Modals;
			sourceTree = "<group>";
		};
		F375BD652AEE807E0044F13A /* ConsequencesArray */ = {
			isa = PBXGroup;
			children = (
				F375BD632AEE7F970044F13A /* CleaningConseqArray.swift */,
				F375BD612AEE7F1B0044F13A /* DishesConseqArray.swift */,
				F375BD5F2AEE7E9E0044F13A /* ShowerConseqArray.swift */,
				F375BD5D2AEE79740044F13A /* LaundryConsequencesArray.swift */,
			);
			path = ConsequencesArray;
			sourceTree = "<group>";
		};
		F375BD662AEE80C00044F13A /* TipsArray */ = {
			isa = PBXGroup;
			children = (
				F375BD532AED58810044F13A /* ShowerTips.swift */,
				F375BD512AED56FC0044F13A /* LaundryTips.swift */,
				F375BD572AED59FC0044F13A /* DishesTips.swift */,
				F375BD552AED59EF0044F13A /* CleaningTips.swift */,
			);
			path = TipsArray;
			sourceTree = "<group>";
		};
		F3C689FE2AE11D8900241897 = {
			isa = PBXGroup;
			children = (
				F3C68A092AE11D8900241897 /* iSea */,
				F3C68A1A2AE11D8B00241897 /* iSeaTests */,
				F3C68A242AE11D8B00241897 /* iSeaUITests */,
				F3C68A082AE11D8900241897 /* Products */,
			);
			sourceTree = "<group>";
		};
		F3C68A082AE11D8900241897 /* Products */ = {
			isa = PBXGroup;
			children = (
				F3C68A072AE11D8900241897 /* iSea.app */,
				F3C68A172AE11D8B00241897 /* iSeaTests.xctest */,
				F3C68A212AE11D8B00241897 /* iSeaUITests.xctest */,
			);
			name = Products;
			sourceTree = "<group>";
		};
		F3C68A092AE11D8900241897 /* iSea */ = {
			isa = PBXGroup;
			children = (
				F3C68A0A2AE11D8900241897 /* iSeaApp.swift */,
				F3C68A102AE11D8B00241897 /* Preview Content */,
				F3C68A362AE1263900241897 /* Views */,
				F3C68A3B2AE1271B00241897 /* Models */,
				F3C68A0E2AE11D8B00241897 /* Assets.xcassets */,
			);
			path = iSea;
			sourceTree = "<group>";
		};
		F3C68A102AE11D8B00241897 /* Preview Content */ = {
			isa = PBXGroup;
			children = (
				F3C68A112AE11D8B00241897 /* Preview Assets.xcassets */,
			);
			path = "Preview Content";
			sourceTree = "<group>";
		};
		F3C68A1A2AE11D8B00241897 /* iSeaTests */ = {
			isa = PBXGroup;
			children = (
				F3C68A1B2AE11D8B00241897 /* iSeaTests.swift */,
			);
			path = iSeaTests;
			sourceTree = "<group>";
		};
		F3C68A242AE11D8B00241897 /* iSeaUITests */ = {
			isa = PBXGroup;
			children = (
				F3C68A252AE11D8B00241897 /* iSeaUITests.swift */,
				F3C68A272AE11D8B00241897 /* iSeaUITestsLaunchTests.swift */,
			);
			path = iSeaUITests;
			sourceTree = "<group>";
		};
		F3C68A362AE1263900241897 /* Views */ = {
			isa = PBXGroup;
			children = (
				F3C68A3E2AE1BA3300241897 /* ActivitiesView.swift */,
				F3C68A422AE1C54300241897 /* ActivityChartView.swift */,
				F375BD3F2AE285B60044F13A /* UserImpactView.swift */,
				F375BD412AE7AD0A0044F13A /* ConsequencesView.swift */,
				F375BD462AEA61C30044F13A /* Modals */,
			);
			path = Views;
			sourceTree = "<group>";
		};
		F3C68A3B2AE1271B00241897 /* Models */ = {
			isa = PBXGroup;
			children = (
				F375BD692AEEEEDB0044F13A /* ImpactDBModel.swift */,
				F331F7B42AEFC147001A7F15 /* WPIModel.swift */,
				F375BD652AEE807E0044F13A /* ConsequencesArray */,
				F375BD662AEE80C00044F13A /* TipsArray */,
				F3C68A342AE11EFC00241897 /* ActivitiesModel.swift */,
				F3C68A392AE1271100241897 /* ActivitiesViewModel.swift */,
				F375BD592AEDE0C20044F13A /* InputModel.swift */,
			);
			path = Models;
			sourceTree = "<group>";
		};
/* End PBXGroup section */

/* Begin PBXNativeTarget section */
		F3C68A062AE11D8900241897 /* iSea */ = {
			isa = PBXNativeTarget;
			buildConfigurationList = F3C68A2B2AE11D8B00241897 /* Build configuration list for PBXNativeTarget "iSea" */;
			buildPhases = (
				F3C68A032AE11D8900241897 /* Sources */,
				F3C68A042AE11D8900241897 /* Frameworks */,
				F3C68A052AE11D8900241897 /* Resources */,
			);
			buildRules = (
			);
			dependencies = (
			);
			name = iSea;
			productName = iSea;
			productReference = F3C68A072AE11D8900241897 /* iSea.app */;
			productType = "com.apple.product-type.application";
		};
		F3C68A162AE11D8B00241897 /* iSeaTests */ = {
			isa = PBXNativeTarget;
			buildConfigurationList = F3C68A2E2AE11D8B00241897 /* Build configuration list for PBXNativeTarget "iSeaTests" */;
			buildPhases = (
				F3C68A132AE11D8B00241897 /* Sources */,
				F3C68A142AE11D8B00241897 /* Frameworks */,
				F3C68A152AE11D8B00241897 /* Resources */,
			);
			buildRules = (
			);
			dependencies = (
				F3C68A192AE11D8B00241897 /* PBXTargetDependency */,
			);
			name = iSeaTests;
			productName = iSeaTests;
			productReference = F3C68A172AE11D8B00241897 /* iSeaTests.xctest */;
			productType = "com.apple.product-type.bundle.unit-test";
		};
		F3C68A202AE11D8B00241897 /* iSeaUITests */ = {
			isa = PBXNativeTarget;
			buildConfigurationList = F3C68A312AE11D8B00241897 /* Build configuration list for PBXNativeTarget "iSeaUITests" */;
			buildPhases = (
				F3C68A1D2AE11D8B00241897 /* Sources */,
				F3C68A1E2AE11D8B00241897 /* Frameworks */,
				F3C68A1F2AE11D8B00241897 /* Resources */,
			);
			buildRules = (
			);
			dependencies = (
				F3C68A232AE11D8B00241897 /* PBXTargetDependency */,
			);
			name = iSeaUITests;
			productName = iSeaUITests;
			productReference = F3C68A212AE11D8B00241897 /* iSeaUITests.xctest */;
			productType = "com.apple.product-type.bundle.ui-testing";
		};
/* End PBXNativeTarget section */

/* Begin PBXProject section */
		F3C689FF2AE11D8900241897 /* Project object */ = {
			isa = PBXProject;
			attributes = {
				BuildIndependentTargetsInParallel = 1;
				LastSwiftUpdateCheck = 1500;
				LastUpgradeCheck = 1500;
				TargetAttributes = {
					F3C68A062AE11D8900241897 = {
						CreatedOnToolsVersion = 15.0;
					};
					F3C68A162AE11D8B00241897 = {
						CreatedOnToolsVersion = 15.0;
						TestTargetID = F3C68A062AE11D8900241897;
					};
					F3C68A202AE11D8B00241897 = {
						CreatedOnToolsVersion = 15.0;
						TestTargetID = F3C68A062AE11D8900241897;
					};
				};
			};
			buildConfigurationList = F3C68A022AE11D8900241897 /* Build configuration list for PBXProject "iSea" */;
			compatibilityVersion = "Xcode 14.0";
			developmentRegion = en;
			hasScannedForEncodings = 0;
			knownRegions = (
				en,
				Base,
			);
			mainGroup = F3C689FE2AE11D8900241897;
			productRefGroup = F3C68A082AE11D8900241897 /* Products */;
			projectDirPath = "";
			projectRoot = "";
			targets = (
				F3C68A062AE11D8900241897 /* iSea */,
				F3C68A162AE11D8B00241897 /* iSeaTests */,
				F3C68A202AE11D8B00241897 /* iSeaUITests */,
			);
		};
/* End PBXProject section */

/* Begin PBXResourcesBuildPhase section */
		F3C68A052AE11D8900241897 /* Resources */ = {
			isa = PBXResourcesBuildPhase;
			buildActionMask = 2147483647;
			files = (
				F3C68A122AE11D8B00241897 /* Preview Assets.xcassets in Resources */,
				F3C68A0F2AE11D8B00241897 /* Assets.xcassets in Resources */,
			);
			runOnlyForDeploymentPostprocessing = 0;
		};
		F3C68A152AE11D8B00241897 /* Resources */ = {
			isa = PBXResourcesBuildPhase;
			buildActionMask = 2147483647;
			files = (
			);
			runOnlyForDeploymentPostprocessing = 0;
		};
		F3C68A1F2AE11D8B00241897 /* Resources */ = {
			isa = PBXResourcesBuildPhase;
			buildActionMask = 2147483647;
			files = (
			);
			runOnlyForDeploymentPostprocessing = 0;
		};
/* End PBXResourcesBuildPhase section */

/* Begin PBXSourcesBuildPhase section */
		F3C68A032AE11D8900241897 /* Sources */ = {
			isa = PBXSourcesBuildPhase;
			buildActionMask = 2147483647;
			files = (
				F375BD5E2AEE79740044F13A /* LaundryConsequencesArray.swift in Sources */,
				F3C68A352AE11EFC00241897 /* ActivitiesModel.swift in Sources */,
				F375BD602AEE7E9E0044F13A /* ShowerConseqArray.swift in Sources */,
				F375BD522AED56FC0044F13A /* LaundryTips.swift in Sources */,
				F375BD582AED59FC0044F13A /* DishesTips.swift in Sources */,
				F375BD562AED59EF0044F13A /* CleaningTips.swift in Sources */,
				F375BD422AE7AD0A0044F13A /* ConsequencesView.swift in Sources */,
				F375BD5A2AEDE0C20044F13A /* InputModel.swift in Sources */,
				F375BD542AED58810044F13A /* ShowerTips.swift in Sources */,
				F375BD402AE285B60044F13A /* UserImpactView.swift in Sources */,
				F375BD5C2AEDE1E20044F13A /* InputView.swift in Sources */,
				F3C68A3A2AE1271100241897 /* ActivitiesViewModel.swift in Sources */,
				F375BD642AEE7F970044F13A /* CleaningConseqArray.swift in Sources */,
				F331F7B52AEFC147001A7F15 /* WPIModel.swift in Sources */,
				F375BD6A2AEEEEDB0044F13A /* ImpactDBModel.swift in Sources */,
				F3C68A3F2AE1BA3300241897 /* ActivitiesView.swift in Sources */,
				F3C68A432AE1C54300241897 /* ActivityChartView.swift in Sources */,
				F3C68A0B2AE11D8900241897 /* iSeaApp.swift in Sources */,
				F375BD622AEE7F1B0044F13A /* DishesConseqArray.swift in Sources */,
			);
			runOnlyForDeploymentPostprocessing = 0;
		};
		F3C68A132AE11D8B00241897 /* Sources */ = {
			isa = PBXSourcesBuildPhase;
			buildActionMask = 2147483647;
			files = (
				F3C68A1C2AE11D8B00241897 /* iSeaTests.swift in Sources */,
			);
			runOnlyForDeploymentPostprocessing = 0;
		};
		F3C68A1D2AE11D8B00241897 /* Sources */ = {
			isa = PBXSourcesBuildPhase;
			buildActionMask = 2147483647;
			files = (
				F3C68A282AE11D8B00241897 /* iSeaUITestsLaunchTests.swift in Sources */,
				F3C68A262AE11D8B00241897 /* iSeaUITests.swift in Sources */,
			);
			runOnlyForDeploymentPostprocessing = 0;
		};
/* End PBXSourcesBuildPhase section */

/* Begin PBXTargetDependency section */
		F3C68A192AE11D8B00241897 /* PBXTargetDependency */ = {
			isa = PBXTargetDependency;
			target = F3C68A062AE11D8900241897 /* iSea */;
			targetProxy = F3C68A182AE11D8B00241897 /* PBXContainerItemProxy */;
		};
		F3C68A232AE11D8B00241897 /* PBXTargetDependency */ = {
			isa = PBXTargetDependency;
			target = F3C68A062AE11D8900241897 /* iSea */;
			targetProxy = F3C68A222AE11D8B00241897 /* PBXContainerItemProxy */;
		};
/* End PBXTargetDependency section */

/* Begin XCBuildConfiguration section */
		F3C68A292AE11D8B00241897 /* Debug */ = {
			isa = XCBuildConfiguration;
			buildSettings = {
				ALWAYS_SEARCH_USER_PATHS = NO;
				ASSETCATALOG_COMPILER_GENERATE_SWIFT_ASSET_SYMBOL_EXTENSIONS = YES;
				CLANG_ANALYZER_NONNULL = YES;
				CLANG_ANALYZER_NUMBER_OBJECT_CONVERSION = YES_AGGRESSIVE;
				CLANG_CXX_LANGUAGE_STANDARD = "gnu++20";
				CLANG_ENABLE_MODULES = YES;
				CLANG_ENABLE_OBJC_ARC = YES;
				CLANG_ENABLE_OBJC_WEAK = YES;
				CLANG_WARN_BLOCK_CAPTURE_AUTORELEASING = YES;
				CLANG_WARN_BOOL_CONVERSION = YES;
				CLANG_WARN_COMMA = YES;
				CLANG_WARN_CONSTANT_CONVERSION = YES;
				CLANG_WARN_DEPRECATED_OBJC_IMPLEMENTATIONS = YES;
				CLANG_WARN_DIRECT_OBJC_ISA_USAGE = YES_ERROR;
				CLANG_WARN_DOCUMENTATION_COMMENTS = YES;
				CLANG_WARN_EMPTY_BODY = YES;
				CLANG_WARN_ENUM_CONVERSION = YES;
				CLANG_WARN_INFINITE_RECURSION = YES;
				CLANG_WARN_INT_CONVERSION = YES;
				CLANG_WARN_NON_LITERAL_NULL_CONVERSION = YES;
				CLANG_WARN_OBJC_IMPLICIT_RETAIN_SELF = YES;
				CLANG_WARN_OBJC_LITERAL_CONVERSION = YES;
				CLANG_WARN_OBJC_ROOT_CLASS = YES_ERROR;
				CLANG_WARN_QUOTED_INCLUDE_IN_FRAMEWORK_HEADER = YES;
				CLANG_WARN_RANGE_LOOP_ANALYSIS = YES;
				CLANG_WARN_STRICT_PROTOTYPES = YES;
				CLANG_WARN_SUSPICIOUS_MOVE = YES;
				CLANG_WARN_UNGUARDED_AVAILABILITY = YES_AGGRESSIVE;
				CLANG_WARN_UNREACHABLE_CODE = YES;
				CLANG_WARN__DUPLICATE_METHOD_MATCH = YES;
				COPY_PHASE_STRIP = NO;
				DEBUG_INFORMATION_FORMAT = dwarf;
				ENABLE_STRICT_OBJC_MSGSEND = YES;
				ENABLE_TESTABILITY = YES;
				ENABLE_USER_SCRIPT_SANDBOXING = YES;
				GCC_C_LANGUAGE_STANDARD = gnu17;
				GCC_DYNAMIC_NO_PIC = NO;
				GCC_NO_COMMON_BLOCKS = YES;
				GCC_OPTIMIZATION_LEVEL = 0;
				GCC_PREPROCESSOR_DEFINITIONS = (
					"DEBUG=1",
					"$(inherited)",
				);
				GCC_WARN_64_TO_32_BIT_CONVERSION = YES;
				GCC_WARN_ABOUT_RETURN_TYPE = YES_ERROR;
				GCC_WARN_UNDECLARED_SELECTOR = YES;
				GCC_WARN_UNINITIALIZED_AUTOS = YES_AGGRESSIVE;
				GCC_WARN_UNUSED_FUNCTION = YES;
				GCC_WARN_UNUSED_VARIABLE = YES;
				IPHONEOS_DEPLOYMENT_TARGET = 17.0;
				LOCALIZATION_PREFERS_STRING_CATALOGS = YES;
				MTL_ENABLE_DEBUG_INFO = INCLUDE_SOURCE;
				MTL_FAST_MATH = YES;
				ONLY_ACTIVE_ARCH = YES;
				SDKROOT = iphoneos;
				SWIFT_ACTIVE_COMPILATION_CONDITIONS = "DEBUG $(inherited)";
				SWIFT_OPTIMIZATION_LEVEL = "-Onone";
			};
			name = Debug;
		};
		F3C68A2A2AE11D8B00241897 /* Release */ = {
			isa = XCBuildConfiguration;
			buildSettings = {
				ALWAYS_SEARCH_USER_PATHS = NO;
				ASSETCATALOG_COMPILER_GENERATE_SWIFT_ASSET_SYMBOL_EXTENSIONS = YES;
				CLANG_ANALYZER_NONNULL = YES;
				CLANG_ANALYZER_NUMBER_OBJECT_CONVERSION = YES_AGGRESSIVE;
				CLANG_CXX_LANGUAGE_STANDARD = "gnu++20";
				CLANG_ENABLE_MODULES = YES;
				CLANG_ENABLE_OBJC_ARC = YES;
				CLANG_ENABLE_OBJC_WEAK = YES;
				CLANG_WARN_BLOCK_CAPTURE_AUTORELEASING = YES;
				CLANG_WARN_BOOL_CONVERSION = YES;
				CLANG_WARN_COMMA = YES;
				CLANG_WARN_CONSTANT_CONVERSION = YES;
				CLANG_WARN_DEPRECATED_OBJC_IMPLEMENTATIONS = YES;
				CLANG_WARN_DIRECT_OBJC_ISA_USAGE = YES_ERROR;
				CLANG_WARN_DOCUMENTATION_COMMENTS = YES;
				CLANG_WARN_EMPTY_BODY = YES;
				CLANG_WARN_ENUM_CONVERSION = YES;
				CLANG_WARN_INFINITE_RECURSION = YES;
				CLANG_WARN_INT_CONVERSION = YES;
				CLANG_WARN_NON_LITERAL_NULL_CONVERSION = YES;
				CLANG_WARN_OBJC_IMPLICIT_RETAIN_SELF = YES;
				CLANG_WARN_OBJC_LITERAL_CONVERSION = YES;
				CLANG_WARN_OBJC_ROOT_CLASS = YES_ERROR;
				CLANG_WARN_QUOTED_INCLUDE_IN_FRAMEWORK_HEADER = YES;
				CLANG_WARN_RANGE_LOOP_ANALYSIS = YES;
				CLANG_WARN_STRICT_PROTOTYPES = YES;
				CLANG_WARN_SUSPICIOUS_MOVE = YES;
				CLANG_WARN_UNGUARDED_AVAILABILITY = YES_AGGRESSIVE;
				CLANG_WARN_UNREACHABLE_CODE = YES;
				CLANG_WARN__DUPLICATE_METHOD_MATCH = YES;
				COPY_PHASE_STRIP = NO;
				DEBUG_INFORMATION_FORMAT = "dwarf-with-dsym";
				ENABLE_NS_ASSERTIONS = NO;
				ENABLE_STRICT_OBJC_MSGSEND = YES;
				ENABLE_USER_SCRIPT_SANDBOXING = YES;
				GCC_C_LANGUAGE_STANDARD = gnu17;
				GCC_NO_COMMON_BLOCKS = YES;
				GCC_WARN_64_TO_32_BIT_CONVERSION = YES;
				GCC_WARN_ABOUT_RETURN_TYPE = YES_ERROR;
				GCC_WARN_UNDECLARED_SELECTOR = YES;
				GCC_WARN_UNINITIALIZED_AUTOS = YES_AGGRESSIVE;
				GCC_WARN_UNUSED_FUNCTION = YES;
				GCC_WARN_UNUSED_VARIABLE = YES;
				IPHONEOS_DEPLOYMENT_TARGET = 17.0;
				LOCALIZATION_PREFERS_STRING_CATALOGS = YES;
				MTL_ENABLE_DEBUG_INFO = NO;
				MTL_FAST_MATH = YES;
				SDKROOT = iphoneos;
				SWIFT_COMPILATION_MODE = wholemodule;
				VALIDATE_PRODUCT = YES;
			};
			name = Release;
		};
		F3C68A2C2AE11D8B00241897 /* Debug */ = {
			isa = XCBuildConfiguration;
			buildSettings = {
				ASSETCATALOG_COMPILER_APPICON_NAME = AppIcon;
				ASSETCATALOG_COMPILER_GLOBAL_ACCENT_COLOR_NAME = AccentColor;
				CODE_SIGN_STYLE = Automatic;
				CURRENT_PROJECT_VERSION = 1;
				DEVELOPMENT_ASSET_PATHS = "\"iSea/Preview Content\"";
				DEVELOPMENT_TEAM = 9L5T2ZCJNR;
				ENABLE_PREVIEWS = YES;
				GENERATE_INFOPLIST_FILE = YES;
				INFOPLIST_KEY_UIApplicationSceneManifest_Generation = YES;
				INFOPLIST_KEY_UIApplicationSupportsIndirectInputEvents = YES;
				INFOPLIST_KEY_UILaunchScreen_Generation = YES;
				INFOPLIST_KEY_UISupportedInterfaceOrientations_iPad = "UIInterfaceOrientationPortrait UIInterfaceOrientationPortraitUpsideDown UIInterfaceOrientationLandscapeLeft UIInterfaceOrientationLandscapeRight";
				INFOPLIST_KEY_UISupportedInterfaceOrientations_iPhone = "UIInterfaceOrientationPortrait UIInterfaceOrientationLandscapeLeft UIInterfaceOrientationLandscapeRight";
				LD_RUNPATH_SEARCH_PATHS = (
					"$(inherited)",
					"@executable_path/Frameworks",
				);
				MARKETING_VERSION = 1.0;
				PRODUCT_BUNDLE_IDENTIFIER = drunk.sponge.iSea;
				PRODUCT_NAME = "$(TARGET_NAME)";
				SWIFT_EMIT_LOC_STRINGS = YES;
				SWIFT_VERSION = 5.0;
				TARGETED_DEVICE_FAMILY = "1,2";
			};
			name = Debug;
		};
		F3C68A2D2AE11D8B00241897 /* Release */ = {
			isa = XCBuildConfiguration;
			buildSettings = {
				ASSETCATALOG_COMPILER_APPICON_NAME = AppIcon;
				ASSETCATALOG_COMPILER_GLOBAL_ACCENT_COLOR_NAME = AccentColor;
				CODE_SIGN_STYLE = Automatic;
				CURRENT_PROJECT_VERSION = 1;
				DEVELOPMENT_ASSET_PATHS = "\"iSea/Preview Content\"";
				DEVELOPMENT_TEAM = 9L5T2ZCJNR;
				ENABLE_PREVIEWS = YES;
				GENERATE_INFOPLIST_FILE = YES;
				INFOPLIST_KEY_UIApplicationSceneManifest_Generation = YES;
				INFOPLIST_KEY_UIApplicationSupportsIndirectInputEvents = YES;
				INFOPLIST_KEY_UILaunchScreen_Generation = YES;
				INFOPLIST_KEY_UISupportedInterfaceOrientations_iPad = "UIInterfaceOrientationPortrait UIInterfaceOrientationPortraitUpsideDown UIInterfaceOrientationLandscapeLeft UIInterfaceOrientationLandscapeRight";
				INFOPLIST_KEY_UISupportedInterfaceOrientations_iPhone = "UIInterfaceOrientationPortrait UIInterfaceOrientationLandscapeLeft UIInterfaceOrientationLandscapeRight";
				LD_RUNPATH_SEARCH_PATHS = (
					"$(inherited)",
					"@executable_path/Frameworks",
				);
				MARKETING_VERSION = 1.0;
				PRODUCT_BUNDLE_IDENTIFIER = drunk.sponge.iSea;
				PRODUCT_NAME = "$(TARGET_NAME)";
				SWIFT_EMIT_LOC_STRINGS = YES;
				SWIFT_VERSION = 5.0;
				TARGETED_DEVICE_FAMILY = "1,2";
			};
			name = Release;
		};
		F3C68A2F2AE11D8B00241897 /* Debug */ = {
			isa = XCBuildConfiguration;
			buildSettings = {
				ALWAYS_EMBED_SWIFT_STANDARD_LIBRARIES = YES;
				BUNDLE_LOADER = "$(TEST_HOST)";
				CODE_SIGN_STYLE = Automatic;
				CURRENT_PROJECT_VERSION = 1;
				DEVELOPMENT_TEAM = CCDU57P7JZ;
				GENERATE_INFOPLIST_FILE = YES;
				IPHONEOS_DEPLOYMENT_TARGET = 17.0;
				MARKETING_VERSION = 1.0;
				PRODUCT_BUNDLE_IDENTIFIER = drunk.sponge.iSeaTests;
				PRODUCT_NAME = "$(TARGET_NAME)";
				SWIFT_EMIT_LOC_STRINGS = NO;
				SWIFT_VERSION = 5.0;
				TARGETED_DEVICE_FAMILY = "1,2";
				TEST_HOST = "$(BUILT_PRODUCTS_DIR)/iSea.app/$(BUNDLE_EXECUTABLE_FOLDER_PATH)/iSea";
			};
			name = Debug;
		};
		F3C68A302AE11D8B00241897 /* Release */ = {
			isa = XCBuildConfiguration;
			buildSettings = {
				ALWAYS_EMBED_SWIFT_STANDARD_LIBRARIES = YES;
				BUNDLE_LOADER = "$(TEST_HOST)";
				CODE_SIGN_STYLE = Automatic;
				CURRENT_PROJECT_VERSION = 1;
				DEVELOPMENT_TEAM = CCDU57P7JZ;
				GENERATE_INFOPLIST_FILE = YES;
				IPHONEOS_DEPLOYMENT_TARGET = 17.0;
				MARKETING_VERSION = 1.0;
				PRODUCT_BUNDLE_IDENTIFIER = drunk.sponge.iSeaTests;
				PRODUCT_NAME = "$(TARGET_NAME)";
				SWIFT_EMIT_LOC_STRINGS = NO;
				SWIFT_VERSION = 5.0;
				TARGETED_DEVICE_FAMILY = "1,2";
				TEST_HOST = "$(BUILT_PRODUCTS_DIR)/iSea.app/$(BUNDLE_EXECUTABLE_FOLDER_PATH)/iSea";
			};
			name = Release;
		};
		F3C68A322AE11D8B00241897 /* Debug */ = {
			isa = XCBuildConfiguration;
			buildSettings = {
				ALWAYS_EMBED_SWIFT_STANDARD_LIBRARIES = YES;
				CODE_SIGN_STYLE = Automatic;
				CURRENT_PROJECT_VERSION = 1;
				DEVELOPMENT_TEAM = CCDU57P7JZ;
				GENERATE_INFOPLIST_FILE = YES;
				MARKETING_VERSION = 1.0;
				PRODUCT_BUNDLE_IDENTIFIER = drunk.sponge.iSeaUITests;
				PRODUCT_NAME = "$(TARGET_NAME)";
				SWIFT_EMIT_LOC_STRINGS = NO;
				SWIFT_VERSION = 5.0;
				TARGETED_DEVICE_FAMILY = "1,2";
				TEST_TARGET_NAME = iSea;
			};
			name = Debug;
		};
		F3C68A332AE11D8B00241897 /* Release */ = {
			isa = XCBuildConfiguration;
			buildSettings = {
				ALWAYS_EMBED_SWIFT_STANDARD_LIBRARIES = YES;
				CODE_SIGN_STYLE = Automatic;
				CURRENT_PROJECT_VERSION = 1;
				DEVELOPMENT_TEAM = CCDU57P7JZ;
				GENERATE_INFOPLIST_FILE = YES;
				MARKETING_VERSION = 1.0;
				PRODUCT_BUNDLE_IDENTIFIER = drunk.sponge.iSeaUITests;
				PRODUCT_NAME = "$(TARGET_NAME)";
				SWIFT_EMIT_LOC_STRINGS = NO;
				SWIFT_VERSION = 5.0;
				TARGETED_DEVICE_FAMILY = "1,2";
				TEST_TARGET_NAME = iSea;
			};
			name = Release;
		};
/* End XCBuildConfiguration section */

/* Begin XCConfigurationList section */
		F3C68A022AE11D8900241897 /* Build configuration list for PBXProject "iSea" */ = {
			isa = XCConfigurationList;
			buildConfigurations = (
				F3C68A292AE11D8B00241897 /* Debug */,
				F3C68A2A2AE11D8B00241897 /* Release */,
			);
			defaultConfigurationIsVisible = 0;
			defaultConfigurationName = Release;
		};
		F3C68A2B2AE11D8B00241897 /* Build configuration list for PBXNativeTarget "iSea" */ = {
			isa = XCConfigurationList;
			buildConfigurations = (
				F3C68A2C2AE11D8B00241897 /* Debug */,
				F3C68A2D2AE11D8B00241897 /* Release */,
			);
			defaultConfigurationIsVisible = 0;
			defaultConfigurationName = Release;
		};
		F3C68A2E2AE11D8B00241897 /* Build configuration list for PBXNativeTarget "iSeaTests" */ = {
			isa = XCConfigurationList;
			buildConfigurations = (
				F3C68A2F2AE11D8B00241897 /* Debug */,
				F3C68A302AE11D8B00241897 /* Release */,
			);
			defaultConfigurationIsVisible = 0;
			defaultConfigurationName = Release;
		};
		F3C68A312AE11D8B00241897 /* Build configuration list for PBXNativeTarget "iSeaUITests" */ = {
			isa = XCConfigurationList;
			buildConfigurations = (
				F3C68A322AE11D8B00241897 /* Debug */,
				F3C68A332AE11D8B00241897 /* Release */,
			);
			defaultConfigurationIsVisible = 0;
			defaultConfigurationName = Release;
		};
/* End XCConfigurationList section */
	};
	rootObject = F3C689FF2AE11D8900241897 /* Project object */;
}
